# This file is automatically @generated by Cargo.
# It is not intended for manual editing.
version = 3

[[package]]
name = "bimap"
version = "0.6.3"
source = "registry+https://github.com/rust-lang/crates.io-index"
checksum = "230c5f1ca6a325a32553f8640d31ac9b49f2411e901e427570154868b46da4f7"

[[package]]
name = "rig_driver"
version = "0.1.0"
dependencies = [
 "rig_intern",
 "rig_lexer",
]

[[package]]
name = "rig_errors"
version = "0.1.0"
dependencies = [
 "rig_intern",
 "rig_span",
]

[[package]]
name = "rig_intern"
version = "0.1.0"
dependencies = [
 "bimap",
]

[[package]]
name = "rig_lexer"
version = "0.1.0"
dependencies = [
 "rig_errors",
 "rig_intern",
 "rig_span",
]

[[package]]
name = "rig_span"
version = "0.1.0"
dependencies = [
 "rig_intern",
]
